// !$*UTF8*$!
{
	archiveVersion = 1;
	classes = {
	};
	objectVersion = 56;
	objects = {

/* Begin PBXBuildFile section */
		001491FE2C11DBDD0004C657 /* TaskTestView.swift in Sources */ = {isa = PBXBuildFile; fileRef = 001491FD2C11DBDD0004C657 /* TaskTestView.swift */; };
		001492002C11DC260004C657 /* Counter.swift in Sources */ = {isa = PBXBuildFile; fileRef = 001491FF2C11DC260004C657 /* Counter.swift */; };
		00C4023328EDB61000F6B313 /* HelloSwiftUIApp.swift in Sources */ = {isa = PBXBuildFile; fileRef = 00C4023228EDB61000F6B313 /* HelloSwiftUIApp.swift */; };
		00C4023528EDB61000F6B313 /* ContentView.swift in Sources */ = {isa = PBXBuildFile; fileRef = 00C4023428EDB61000F6B313 /* ContentView.swift */; };
		00C4023728EDB61100F6B313 /* Assets.xcassets in Resources */ = {isa = PBXBuildFile; fileRef = 00C4023628EDB61100F6B313 /* Assets.xcassets */; };
		00C4023A28EDB61100F6B313 /* Preview Assets.xcassets in Resources */ = {isa = PBXBuildFile; fileRef = 00C4023928EDB61100F6B313 /* Preview Assets.xcassets */; };
		00C4024528EDB61100F6B313 /* HelloSwiftUITests.swift in Sources */ = {isa = PBXBuildFile; fileRef = 00C4024428EDB61100F6B313 /* HelloSwiftUITests.swift */; };
		00C4024F28EDB61100F6B313 /* HelloSwiftUIUITests.swift in Sources */ = {isa = PBXBuildFile; fileRef = 00C4024E28EDB61100F6B313 /* HelloSwiftUIUITests.swift */; };
		00C4025128EDB61100F6B313 /* HelloSwiftUIUITestsLaunchTests.swift in Sources */ = {isa = PBXBuildFile; fileRef = 00C4025028EDB61100F6B313 /* HelloSwiftUIUITestsLaunchTests.swift */; };
/* End PBXBuildFile section */

/* Begin PBXContainerItemProxy section */
		00C4024128EDB61100F6B313 /* PBXContainerItemProxy */ = {
			isa = PBXContainerItemProxy;
			containerPortal = 00C4022728EDB61000F6B313 /* Project object */;
			proxyType = 1;
			remoteGlobalIDString = 00C4022E28EDB61000F6B313;
			remoteInfo = HelloSwiftUI;
		};
		00C4024B28EDB61100F6B313 /* PBXContainerItemProxy */ = {
			isa = PBXContainerItemProxy;
			containerPortal = 00C4022728EDB61000F6B313 /* Project object */;
			proxyType = 1;
			remoteGlobalIDString = 00C4022E28EDB61000F6B313;
			remoteInfo = HelloSwiftUI;
		};
/* End PBXContainerItemProxy section */

/* Begin PBXFileReference section */
		001491FD2C11DBDD0004C657 /* TaskTestView.swift */ = {isa = PBXFileReference; lastKnownFileType = sourcecode.swift; path = TaskTestView.swift; sourceTree = "<group>"; };
		001491FF2C11DC260004C657 /* Counter.swift */ = {isa = PBXFileReference; lastKnownFileType = sourcecode.swift; path = Counter.swift; sourceTree = "<group>"; };
		00C4022F28EDB61000F6B313 /* HelloSwiftUI.app */ = {isa = PBXFileReference; explicitFileType = wrapper.application; includeInIndex = 0; path = HelloSwiftUI.app; sourceTree = BUILT_PRODUCTS_DIR; };
		00C4023228EDB61000F6B313 /* HelloSwiftUIApp.swift */ = {isa = PBXFileReference; lastKnownFileType = sourcecode.swift; path = HelloSwiftUIApp.swift; sourceTree = "<group>"; };
		00C4023428EDB61000F6B313 /* ContentView.swift */ = {isa = PBXFileReference; lastKnownFileType = sourcecode.swift; path = ContentView.swift; sourceTree = "<group>"; };
		00C4023628EDB61100F6B313 /* Assets.xcassets */ = {isa = PBXFileReference; lastKnownFileType = folder.assetcatalog; path = Assets.xcassets; sourceTree = "<group>"; };
		00C4023928EDB61100F6B313 /* Preview Assets.xcassets */ = {isa = PBXFileReference; lastKnownFileType = folder.assetcatalog; path = "Preview Assets.xcassets"; sourceTree = "<group>"; };
		00C4023B28EDB61100F6B313 /* HelloSwiftUI.entitlements */ = {isa = PBXFileReference; lastKnownFileType = text.plist.entitlements; path = HelloSwiftUI.entitlements; sourceTree = "<group>"; };
		00C4024028EDB61100F6B313 /* HelloSwiftUITests.xctest */ = {isa = PBXFileReference; explicitFileType = wrapper.cfbundle; includeInIndex = 0; path = HelloSwiftUITests.xctest; sourceTree = BUILT_PRODUCTS_DIR; };
		00C4024428EDB61100F6B313 /* HelloSwiftUITests.swift */ = {isa = PBXFileReference; lastKnownFileType = sourcecode.swift; path = HelloSwiftUITests.swift; sourceTree = "<group>"; };
		00C4024A28EDB61100F6B313 /* HelloSwiftUIUITests.xctest */ = {isa = PBXFileReference; explicitFileType = wrapper.cfbundle; includeInIndex = 0; path = HelloSwiftUIUITests.xctest; sourceTree = BUILT_PRODUCTS_DIR; };
		00C4024E28EDB61100F6B313 /* HelloSwiftUIUITests.swift */ = {isa = PBXFileReference; lastKnownFileType = sourcecode.swift; path = HelloSwiftUIUITests.swift; sourceTree = "<group>"; };
		00C4025028EDB61100F6B313 /* HelloSwiftUIUITestsLaunchTests.swift */ = {isa = PBXFileReference; lastKnownFileType = sourcecode.swift; path = HelloSwiftUIUITestsLaunchTests.swift; sourceTree = "<group>"; };
/* End PBXFileReference section */

/* Begin PBXFrameworksBuildPhase section */
		00C4022C28EDB61000F6B313 /* Frameworks */ = {
			isa = PBXFrameworksBuildPhase;
			buildActionMask = 2147483647;
			files = (
			);
			runOnlyForDeploymentPostprocessing = 0;
		};
		00C4023D28EDB61100F6B313 /* Frameworks */ = {
			isa = PBXFrameworksBuildPhase;
			buildActionMask = 2147483647;
			files = (
			);
			runOnlyForDeploymentPostprocessing = 0;
		};
		00C4024728EDB61100F6B313 /* Frameworks */ = {
			isa = PBXFrameworksBuildPhase;
			buildActionMask = 2147483647;
			files = (
			);
			runOnlyForDeploymentPostprocessing = 0;
		};
/* End PBXFrameworksBuildPhase section */

/* Begin PBXGroup section */
		00C4022628EDB61000F6B313 = {
			isa = PBXGroup;
			children = (
				00C4023128EDB61000F6B313 /* HelloSwiftUI */,
				00C4024328EDB61100F6B313 /* HelloSwiftUITests */,
				00C4024D28EDB61100F6B313 /* HelloSwiftUIUITests */,
				00C4023028EDB61000F6B313 /* Products */,
			);
			sourceTree = "<group>";
		};
		00C4023028EDB61000F6B313 /* Products */ = {
			isa = PBXGroup;
			children = (
				00C4022F28EDB61000F6B313 /* HelloSwiftUI.app */,
				00C4024028EDB61100F6B313 /* HelloSwiftUITests.xctest */,
				00C4024A28EDB61100F6B313 /* HelloSwiftUIUITests.xctest */,
			);
			name = Products;
			sourceTree = "<group>";
		};
		00C4023128EDB61000F6B313 /* HelloSwiftUI */ = {
			isa = PBXGroup;
			children = (
				00C4023228EDB61000F6B313 /* HelloSwiftUIApp.swift */,
				00C4023428EDB61000F6B313 /* ContentView.swift */,
				001491FD2C11DBDD0004C657 /* TaskTestView.swift */,
				001491FF2C11DC260004C657 /* Counter.swift */,
				00C4023628EDB61100F6B313 /* Assets.xcassets */,
				00C4023B28EDB61100F6B313 /* HelloSwiftUI.entitlements */,
				00C4023828EDB61100F6B313 /* Preview Content */,
			);
			path = HelloSwiftUI;
			sourceTree = "<group>";
		};
		00C4023828EDB61100F6B313 /* Preview Content */ = {
			isa = PBXGroup;
			children = (
				00C4023928EDB61100F6B313 /* Preview Assets.xcassets */,
			);
			path = "Preview Content";
			sourceTree = "<group>";
		};
		00C4024328EDB61100F6B313 /* HelloSwiftUITests */ = {
			isa = PBXGroup;
			children = (
				00C4024428EDB61100F6B313 /* HelloSwiftUITests.swift */,
			);
			path = HelloSwiftUITests;
			sourceTree = "<group>";
		};
		00C4024D28EDB61100F6B313 /* HelloSwiftUIUITests */ = {
			isa = PBXGroup;
			children = (
				00C4024E28EDB61100F6B313 /* HelloSwiftUIUITests.swift */,
				00C4025028EDB61100F6B313 /* HelloSwiftUIUITestsLaunchTests.swift */,
			);
			path = HelloSwiftUIUITests;
			sourceTree = "<group>";
		};
/* End PBXGroup section */

/* Begin PBXNativeTarget section */
		00C4022E28EDB61000F6B313 /* HelloSwiftUI */ = {
			isa = PBXNativeTarget;
			buildConfigurationList = 00C4025428EDB61100F6B313 /* Build configuration list for PBXNativeTarget "HelloSwiftUI" */;
			buildPhases = (
				00C4022B28EDB61000F6B313 /* Sources */,
				00C4022C28EDB61000F6B313 /* Frameworks */,
				00C4022D28EDB61000F6B313 /* Resources */,
			);
			buildRules = (
			);
			dependencies = (
			);
			name = HelloSwiftUI;
			productName = HelloSwiftUI;
			productReference = 00C4022F28EDB61000F6B313 /* HelloSwiftUI.app */;
			productType = "com.apple.product-type.application";
		};
		00C4023F28EDB61100F6B313 /* HelloSwiftUITests */ = {
			isa = PBXNativeTarget;
			buildConfigurationList = 00C4025728EDB61100F6B313 /* Build configuration list for PBXNativeTarget "HelloSwiftUITests" */;
			buildPhases = (
				00C4023C28EDB61100F6B313 /* Sources */,
				00C4023D28EDB61100F6B313 /* Frameworks */,
				00C4023E28EDB61100F6B313 /* Resources */,
			);
			buildRules = (
			);
			dependencies = (
				00C4024228EDB61100F6B313 /* PBXTargetDependency */,
			);
			name = HelloSwiftUITests;
			productName = HelloSwiftUITests;
			productReference = 00C4024028EDB61100F6B313 /* HelloSwiftUITests.xctest */;
			productType = "com.apple.product-type.bundle.unit-test";
		};
		00C4024928EDB61100F6B313 /* HelloSwiftUIUITests */ = {
			isa = PBXNativeTarget;
			buildConfigurationList = 00C4025A28EDB61100F6B313 /* Build configuration list for PBXNativeTarget "HelloSwiftUIUITests" */;
			buildPhases = (
				00C4024628EDB61100F6B313 /* Sources */,
				00C4024728EDB61100F6B313 /* Frameworks */,
				00C4024828EDB61100F6B313 /* Resources */,
			);
			buildRules = (
			);
			dependencies = (
				00C4024C28EDB61100F6B313 /* PBXTargetDependency */,
			);
			name = HelloSwiftUIUITests;
			productName = HelloSwiftUIUITests;
			productReference = 00C4024A28EDB61100F6B313 /* HelloSwiftUIUITests.xctest */;
			productType = "com.apple.product-type.bundle.ui-testing";
		};
/* End PBXNativeTarget section */

/* Begin PBXProject section */
		00C4022728EDB61000F6B313 /* Project object */ = {
			isa = PBXProject;
			attributes = {
				BuildIndependentTargetsInParallel = 1;
				LastSwiftUpdateCheck = 1400;
				LastUpgradeCheck = 1400;
				TargetAttributes = {
					00C4022E28EDB61000F6B313 = {
						CreatedOnToolsVersion = 14.0.1;
					};
					00C4023F28EDB61100F6B313 = {
						CreatedOnToolsVersion = 14.0.1;
						TestTargetID = 00C4022E28EDB61000F6B313;
					};
					00C4024928EDB61100F6B313 = {
						CreatedOnToolsVersion = 14.0.1;
						TestTargetID = 00C4022E28EDB61000F6B313;
					};
				};
			};
			buildConfigurationList = 00C4022A28EDB61000F6B313 /* Build configuration list for PBXProject "HelloSwiftUI" */;
			compatibilityVersion = "Xcode 14.0";
			developmentRegion = en;
			hasScannedForEncodings = 0;
			knownRegions = (
				en,
				Base,
			);
			mainGroup = 00C4022628EDB61000F6B313;
			productRefGroup = 00C4023028EDB61000F6B313 /* Products */;
			projectDirPath = "";
			projectRoot = "";
			targets = (
				00C4022E28EDB61000F6B313 /* HelloSwiftUI */,
				00C4023F28EDB61100F6B313 /* HelloSwiftUITests */,
				00C4024928EDB61100F6B313 /* HelloSwiftUIUITests */,
			);
		};
/* End PBXProject section */

/* Begin PBXResourcesBuildPhase section */
		00C4022D28EDB61000F6B313 /* Resources */ = {
			isa = PBXResourcesBuildPhase;
			buildActionMask = 2147483647;
			files = (
				00C4023A28EDB61100F6B313 /* Preview Assets.xcassets in Resources */,
				00C4023728EDB61100F6B313 /* Assets.xcassets in Resources */,
			);
			runOnlyForDeploymentPostprocessing = 0;
		};
		00C4023E28EDB61100F6B313 /* Resources */ = {
			isa = PBXResourcesBuildPhase;
			buildActionMask = 2147483647;
			files = (
			);
			runOnlyForDeploymentPostprocessing = 0;
		};
		00C4024828EDB61100F6B313 /* Resources */ = {
			isa = PBXResourcesBuildPhase;
			buildActionMask = 2147483647;
			files = (
			);
			runOnlyForDeploymentPostprocessing = 0;
		};
/* End PBXResourcesBuildPhase section */

/* Begin PBXSourcesBuildPhase section */
		00C4022B28EDB61000F6B313 /* Sources */ = {
			isa = PBXSourcesBuildPhase;
			buildActionMask = 2147483647;
			files = (
				001492002C11DC260004C657 /* Counter.swift in Sources */,
				00C4023528EDB61000F6B313 /* ContentView.swift in Sources */,
				00C4023328EDB61000F6B313 /* HelloSwiftUIApp.swift in Sources */,
				001491FE2C11DBDD0004C657 /* TaskTestView.swift in Sources */,
			);
			runOnlyForDeploymentPostprocessing = 0;
		};
		00C4023C28EDB61100F6B313 /* Sources */ = {
			isa = PBXSourcesBuildPhase;
			buildActionMask = 2147483647;
			files = (
				00C4024528EDB61100F6B313 /* HelloSwiftUITests.swift in Sources */,
			);
			runOnlyForDeploymentPostprocessing = 0;
		};
		00C4024628EDB61100F6B313 /* Sources */ = {
			isa = PBXSourcesBuildPhase;
			buildActionMask = 2147483647;
			files = (
				00C4024F28EDB61100F6B313 /* HelloSwiftUIUITests.swift in Sources */,
				00C4025128EDB61100F6B313 /* HelloSwiftUIUITestsLaunchTests.swift in Sources */,
			);
			runOnlyForDeploymentPostprocessing = 0;
		};
/* End PBXSourcesBuildPhase section */

/* Begin PBXTargetDependency section */
		00C4024228EDB61100F6B313 /* PBXTargetDependency */ = {
			isa = PBXTargetDependency;
			target = 00C4022E28EDB61000F6B313 /* HelloSwiftUI */;
			targetProxy = 00C4024128EDB61100F6B313 /* PBXContainerItemProxy */;
		};
		00C4024C28EDB61100F6B313 /* PBXTargetDependency */ = {
			isa = PBXTargetDependency;
			target = 00C4022E28EDB61000F6B313 /* HelloSwiftUI */;
			targetProxy = 00C4024B28EDB61100F6B313 /* PBXContainerItemProxy */;
		};
/* End PBXTargetDependency section */

/* Begin XCBuildConfiguration section */
		00C4025228EDB61100F6B313 /* Debug */ = {
			isa = XCBuildConfiguration;
			buildSettings = {
				ALWAYS_SEARCH_USER_PATHS = NO;
				CLANG_ANALYZER_NONNULL = YES;
				CLANG_ANALYZER_NUMBER_OBJECT_CONVERSION = YES_AGGRESSIVE;
				CLANG_CXX_LANGUAGE_STANDARD = "gnu++20";
				CLANG_ENABLE_MODULES = YES;
				CLANG_ENABLE_OBJC_ARC = YES;
				CLANG_ENABLE_OBJC_WEAK = YES;
				CLANG_WARN_BLOCK_CAPTURE_AUTORELEASING = YES;
				CLANG_WARN_BOOL_CONVERSION = YES;
				CLANG_WARN_COMMA = YES;
				CLANG_WARN_CONSTANT_CONVERSION = YES;
				CLANG_WARN_DEPRECATED_OBJC_IMPLEMENTATIONS = YES;
				CLANG_WARN_DIRECT_OBJC_ISA_USAGE = YES_ERROR;
				CLANG_WARN_DOCUMENTATION_COMMENTS = YES;
				CLANG_WARN_EMPTY_BODY = YES;
				CLANG_WARN_ENUM_CONVERSION = YES;
				CLANG_WARN_INFINITE_RECURSION = YES;
				CLANG_WARN_INT_CONVERSION = YES;
				CLANG_WARN_NON_LITERAL_NULL_CONVERSION = YES;
				CLANG_WARN_OBJC_IMPLICIT_RETAIN_SELF = YES;
				CLANG_WARN_OBJC_LITERAL_CONVERSION = YES;
				CLANG_WARN_OBJC_ROOT_CLASS = YES_ERROR;
				CLANG_WARN_QUOTED_INCLUDE_IN_FRAMEWORK_HEADER = YES;
				CLANG_WARN_RANGE_LOOP_ANALYSIS = YES;
				CLANG_WARN_STRICT_PROTOTYPES = YES;
				CLANG_WARN_SUSPICIOUS_MOVE = YES;
				CLANG_WARN_UNGUARDED_AVAILABILITY = YES_AGGRESSIVE;
				CLANG_WARN_UNREACHABLE_CODE = YES;
				CLANG_WARN__DUPLICATE_METHOD_MATCH = YES;
				COPY_PHASE_STRIP = NO;
				DEBUG_INFORMATION_FORMAT = dwarf;
				ENABLE_STRICT_OBJC_MSGSEND = YES;
				ENABLE_TESTABILITY = YES;
				GCC_C_LANGUAGE_STANDARD = gnu11;
				GCC_DYNAMIC_NO_PIC = NO;
				GCC_NO_COMMON_BLOCKS = YES;
				GCC_OPTIMIZATION_LEVEL = 0;
				GCC_PREPROCESSOR_DEFINITIONS = (
					"DEBUG=1",
					"$(inherited)",
				);
				GCC_WARN_64_TO_32_BIT_CONVERSION = YES;
				GCC_WARN_ABOUT_RETURN_TYPE = YES_ERROR;
				GCC_WARN_UNDECLARED_SELECTOR = YES;
				GCC_WARN_UNINITIALIZED_AUTOS = YES_AGGRESSIVE;
				GCC_WARN_UNUSED_FUNCTION = YES;
				GCC_WARN_UNUSED_VARIABLE = YES;
				MACOSX_DEPLOYMENT_TARGET = 12.3;
				MTL_ENABLE_DEBUG_INFO = INCLUDE_SOURCE;
				MTL_FAST_MATH = YES;
				ONLY_ACTIVE_ARCH = YES;
				SDKROOT = macosx;
				SWIFT_ACTIVE_COMPILATION_CONDITIONS = DEBUG;
				SWIFT_OPTIMIZATION_LEVEL = "-Onone";
			};
			name = Debug;
		};
		00C4025328EDB61100F6B313 /* Release */ = {
			isa = XCBuildConfiguration;
			buildSettings = {
				ALWAYS_SEARCH_USER_PATHS = NO;
				CLANG_ANALYZER_NONNULL = YES;
				CLANG_ANALYZER_NUMBER_OBJECT_CONVERSION = YES_AGGRESSIVE;
				CLANG_CXX_LANGUAGE_STANDARD = "gnu++20";
				CLANG_ENABLE_MODULES = YES;
				CLANG_ENABLE_OBJC_ARC = YES;
				CLANG_ENABLE_OBJC_WEAK = YES;
				CLANG_WARN_BLOCK_CAPTURE_AUTORELEASING = YES;
				CLANG_WARN_BOOL_CONVERSION = YES;
				CLANG_WARN_COMMA = YES;
				CLANG_WARN_CONSTANT_CONVERSION = YES;
				CLANG_WARN_DEPRECATED_OBJC_IMPLEMENTATIONS = YES;
				CLANG_WARN_DIRECT_OBJC_ISA_USAGE = YES_ERROR;
				CLANG_WARN_DOCUMENTATION_COMMENTS = YES;
				CLANG_WARN_EMPTY_BODY = YES;
				CLANG_WARN_ENUM_CONVERSION = YES;
				CLANG_WARN_INFINITE_RECURSION = YES;
				CLANG_WARN_INT_CONVERSION = YES;
				CLANG_WARN_NON_LITERAL_NULL_CONVERSION = YES;
				CLANG_WARN_OBJC_IMPLICIT_RETAIN_SELF = YES;
				CLANG_WARN_OBJC_LITERAL_CONVERSION = YES;
				CLANG_WARN_OBJC_ROOT_CLASS = YES_ERROR;
				CLANG_WARN_QUOTED_INCLUDE_IN_FRAMEWORK_HEADER = YES;
				CLANG_WARN_RANGE_LOOP_ANALYSIS = YES;
				CLANG_WARN_STRICT_PROTOTYPES = YES;
				CLANG_WARN_SUSPICIOUS_MOVE = YES;
				CLANG_WARN_UNGUARDED_AVAILABILITY = YES_AGGRESSIVE;
				CLANG_WARN_UNREACHABLE_CODE = YES;
				CLANG_WARN__DUPLICATE_METHOD_MATCH = YES;
				COPY_PHASE_STRIP = NO;
				DEBUG_INFORMATION_FORMAT = "dwarf-with-dsym";
				ENABLE_NS_ASSERTIONS = NO;
				ENABLE_STRICT_OBJC_MSGSEND = YES;
				GCC_C_LANGUAGE_STANDARD = gnu11;
				GCC_NO_COMMON_BLOCKS = YES;
				GCC_WARN_64_TO_32_BIT_CONVERSION = YES;
				GCC_WARN_ABOUT_RETURN_TYPE = YES_ERROR;
				GCC_WARN_UNDECLARED_SELECTOR = YES;
				GCC_WARN_UNINITIALIZED_AUTOS = YES_AGGRESSIVE;
				GCC_WARN_UNUSED_FUNCTION = YES;
				GCC_WARN_UNUSED_VARIABLE = YES;
				MACOSX_DEPLOYMENT_TARGET = 12.3;
				MTL_ENABLE_DEBUG_INFO = NO;
				MTL_FAST_MATH = YES;
				SDKROOT = macosx;
				SWIFT_COMPILATION_MODE = wholemodule;
				SWIFT_OPTIMIZATION_LEVEL = "-O";
			};
			name = Release;
		};
		00C4025528EDB61100F6B313 /* Debug */ = {
			isa = XCBuildConfiguration;
			buildSettings = {
				ASSETCATALOG_COMPILER_APPICON_NAME = AppIcon;
				ASSETCATALOG_COMPILER_GLOBAL_ACCENT_COLOR_NAME = AccentColor;
				CODE_SIGN_ENTITLEMENTS = HelloSwiftUI/HelloSwiftUI.entitlements;
				CODE_SIGN_STYLE = Automatic;
				COMBINE_HIDPI_IMAGES = YES;
				CURRENT_PROJECT_VERSION = 1;
				DEVELOPMENT_ASSET_PATHS = "\"HelloSwiftUI/Preview Content\"";
				DEVELOPMENT_TEAM = XFTC3W2MNQ;
				ENABLE_HARDENED_RUNTIME = YES;
				ENABLE_PREVIEWS = YES;
				GENERATE_INFOPLIST_FILE = YES;
				INFOPLIST_KEY_NSHumanReadableCopyright = "";
				LD_RUNPATH_SEARCH_PATHS = (
					"$(inherited)",
					"@executable_path/../Frameworks",
				);
				MARKETING_VERSION = 1.0;
				PRODUCT_BUNDLE_IDENTIFIER = com.drypot.HelloSwiftUI;
				PRODUCT_NAME = "$(TARGET_NAME)";
				SWIFT_EMIT_LOC_STRINGS = YES;
				SWIFT_VERSION = 5.0;
			};
			name = Debug;
		};
		00C4025628EDB61100F6B313 /* Release */ = {
			isa = XCBuildConfiguration;
			buildSettings = {
				ASSETCATALOG_COMPILER_APPICON_NAME = AppIcon;
				ASSETCATALOG_COMPILER_GLOBAL_ACCENT_COLOR_NAME = AccentColor;
				CODE_SIGN_ENTITLEMENTS = HelloSwiftUI/HelloSwiftUI.entitlements;
				CODE_SIGN_STYLE = Automatic;
				COMBINE_HIDPI_IMAGES = YES;
				CURRENT_PROJECT_VERSION = 1;
				DEVELOPMENT_ASSET_PATHS = "\"HelloSwiftUI/Preview Content\"";
				DEVELOPMENT_TEAM = XFTC3W2MNQ;
				ENABLE_HARDENED_RUNTIME = YES;
				ENABLE_PREVIEWS = YES;
				GENERATE_INFOPLIST_FILE = YES;
				INFOPLIST_KEY_NSHumanReadableCopyright = "";
				LD_RUNPATH_SEARCH_PATHS = (
					"$(inherited)",
					"@executable_path/../Frameworks",
				);
				MARKETING_VERSION = 1.0;
				PRODUCT_BUNDLE_IDENTIFIER = com.drypot.HelloSwiftUI;
				PRODUCT_NAME = "$(TARGET_NAME)";
				SWIFT_EMIT_LOC_STRINGS = YES;
				SWIFT_VERSION = 5.0;
			};
			name = Release;
		};
		00C4025828EDB61100F6B313 /* Debug */ = {
			isa = XCBuildConfiguration;
			buildSettings = {
				ALWAYS_EMBED_SWIFT_STANDARD_LIBRARIES = YES;
				BUNDLE_LOADER = "$(TEST_HOST)";
				CODE_SIGN_STYLE = Automatic;
				CURRENT_PROJECT_VERSION = 1;
				DEVELOPMENT_TEAM = XFTC3W2MNQ;
				GENERATE_INFOPLIST_FILE = YES;
				MACOSX_DEPLOYMENT_TARGET = 12.3;
				MARKETING_VERSION = 1.0;
				PRODUCT_BUNDLE_IDENTIFIER = com.drypot.HelloSwiftUITests;
				PRODUCT_NAME = "$(TARGET_NAME)";
				SWIFT_EMIT_LOC_STRINGS = NO;
				SWIFT_VERSION = 5.0;
				TEST_HOST = "$(BUILT_PRODUCTS_DIR)/HelloSwiftUI.app/$(BUNDLE_EXECUTABLE_FOLDER_PATH)/HelloSwiftUI";
			};
			name = Debug;
		};
		00C4025928EDB61100F6B313 /* Release */ = {
			isa = XCBuildConfiguration;
			buildSettings = {
				ALWAYS_EMBED_SWIFT_STANDARD_LIBRARIES = YES;
				BUNDLE_LOADER = "$(TEST_HOST)";
				CODE_SIGN_STYLE = Automatic;
				CURRENT_PROJECT_VERSION = 1;
				DEVELOPMENT_TEAM = XFTC3W2MNQ;
				GENERATE_INFOPLIST_FILE = YES;
				MACOSX_DEPLOYMENT_TARGET = 12.3;
				MARKETING_VERSION = 1.0;
				PRODUCT_BUNDLE_IDENTIFIER = com.drypot.HelloSwiftUITests;
				PRODUCT_NAME = "$(TARGET_NAME)";
				SWIFT_EMIT_LOC_STRINGS = NO;
				SWIFT_VERSION = 5.0;
				TEST_HOST = "$(BUILT_PRODUCTS_DIR)/HelloSwiftUI.app/$(BUNDLE_EXECUTABLE_FOLDER_PATH)/HelloSwiftUI";
			};
			name = Release;
		};
		00C4025B28EDB61100F6B313 /* Debug */ = {
			isa = XCBuildConfiguration;
			buildSettings = {
				ALWAYS_EMBED_SWIFT_STANDARD_LIBRARIES = YES;
				CODE_SIGN_STYLE = Automatic;
				CURRENT_PROJECT_VERSION = 1;
				DEVELOPMENT_TEAM = XFTC3W2MNQ;
				GENERATE_INFOPLIST_FILE = YES;
				MARKETING_VERSION = 1.0;
				PRODUCT_BUNDLE_IDENTIFIER = com.drypot.HelloSwiftUIUITests;
				PRODUCT_NAME = "$(TARGET_NAME)";
				SWIFT_EMIT_LOC_STRINGS = NO;
				SWIFT_VERSION = 5.0;
				TEST_TARGET_NAME = HelloSwiftUI;
			};
			name = Debug;
		};
		00C4025C28EDB61100F6B313 /* Release */ = {
			isa = XCBuildConfiguration;
			buildSettings = {
				ALWAYS_EMBED_SWIFT_STANDARD_LIBRARIES = YES;
				CODE_SIGN_STYLE = Automatic;
				CURRENT_PROJECT_VERSION = 1;
				DEVELOPMENT_TEAM = XFTC3W2MNQ;
				GENERATE_INFOPLIST_FILE = YES;
				MARKETING_VERSION = 1.0;
				PRODUCT_BUNDLE_IDENTIFIER = com.drypot.HelloSwiftUIUITests;
				PRODUCT_NAME = "$(TARGET_NAME)";
				SWIFT_EMIT_LOC_STRINGS = NO;
				SWIFT_VERSION = 5.0;
				TEST_TARGET_NAME = HelloSwiftUI;
			};
			name = Release;
		};
/* End XCBuildConfiguration section */

/* Begin XCConfigurationList section */
		00C4022A28EDB61000F6B313 /* Build configuration list for PBXProject "HelloSwiftUI" */ = {
			isa = XCConfigurationList;
			buildConfigurations = (
				00C4025228EDB61100F6B313 /* Debug */,
				00C4025328EDB61100F6B313 /* Release */,
			);
			defaultConfigurationIsVisible = 0;
			defaultConfigurationName = Release;
		};
		00C4025428EDB61100F6B313 /* Build configuration list for PBXNativeTarget "HelloSwiftUI" */ = {
			isa = XCConfigurationList;
			buildConfigurations = (
				00C4025528EDB61100F6B313 /* Debug */,
				00C4025628EDB61100F6B313 /* Release */,
			);
			defaultConfigurationIsVisible = 0;
			defaultConfigurationName = Release;
		};
		00C4025728EDB61100F6B313 /* Build configuration list for PBXNativeTarget "HelloSwiftUITests" */ = {
			isa = XCConfigurationList;
			buildConfigurations = (
				00C4025828EDB61100F6B313 /* Debug */,
				00C4025928EDB61100F6B313 /* Release */,
			);
			defaultConfigurationIsVisible = 0;
			defaultConfigurationName = Release;
		};
		00C4025A28EDB61100F6B313 /* Build configuration list for PBXNativeTarget "HelloSwiftUIUITests" */ = {
			isa = XCConfigurationList;
			buildConfigurations = (
				00C4025B28EDB61100F6B313 /* Debug */,
				00C4025C28EDB61100F6B313 /* Release */,
			);
			defaultConfigurationIsVisible = 0;
			defaultConfigurationName = Release;
		};
/* End XCConfigurationList section */
	};
	rootObject = 00C4022728EDB61000F6B313 /* Project object */;
}
